// !$*UTF8*$!
{
	archiveVersion = 1;
	classes = {
	};
	objectVersion = 46;
	objects = {

/* Begin PBXBuildFile section */
		92519D4C183F7D3E00927EE3 /* Foundation.framework in Frameworks */ = {isa = PBXBuildFile; fileRef = 92519D4B183F7D3E00927EE3 /* Foundation.framework */; };
		92519D4E183F7D3E00927EE3 /* CoreGraphics.framework in Frameworks */ = {isa = PBXBuildFile; fileRef = 92519D4D183F7D3E00927EE3 /* CoreGraphics.framework */; };
		92519D50183F7D3E00927EE3 /* UIKit.framework in Frameworks */ = {isa = PBXBuildFile; fileRef = 92519D4F183F7D3E00927EE3 /* UIKit.framework */; };
		92519D56183F7D3E00927EE3 /* InfoPlist.strings in Resources */ = {isa = PBXBuildFile; fileRef = 92519D54183F7D3E00927EE3 /* InfoPlist.strings */; };
		92519D58183F7D3E00927EE3 /* main.m in Sources */ = {isa = PBXBuildFile; fileRef = 92519D57183F7D3E00927EE3 /* main.m */; };
		92519D5C183F7D3E00927EE3 /* happinessAppDelegate.m in Sources */ = {isa = PBXBuildFile; fileRef = 92519D5B183F7D3E00927EE3 /* happinessAppDelegate.m */; };
		92519D5F183F7D3E00927EE3 /* Main.storyboard in Resources */ = {isa = PBXBuildFile; fileRef = 92519D5D183F7D3E00927EE3 /* Main.storyboard */; };
		92519D62183F7D3E00927EE3 /* happinessViewController.m in Sources */ = {isa = PBXBuildFile; fileRef = 92519D61183F7D3E00927EE3 /* happinessViewController.m */; };
		92519D64183F7D3E00927EE3 /* Images.xcassets in Resources */ = {isa = PBXBuildFile; fileRef = 92519D63183F7D3E00927EE3 /* Images.xcassets */; };
		92519D6B183F7D3E00927EE3 /* XCTest.framework in Frameworks */ = {isa = PBXBuildFile; fileRef = 92519D6A183F7D3E00927EE3 /* XCTest.framework */; };
		92519D6C183F7D3E00927EE3 /* Foundation.framework in Frameworks */ = {isa = PBXBuildFile; fileRef = 92519D4B183F7D3E00927EE3 /* Foundation.framework */; };
		92519D6D183F7D3E00927EE3 /* UIKit.framework in Frameworks */ = {isa = PBXBuildFile; fileRef = 92519D4F183F7D3E00927EE3 /* UIKit.framework */; };
		92519D75183F7D3E00927EE3 /* InfoPlist.strings in Resources */ = {isa = PBXBuildFile; fileRef = 92519D73183F7D3E00927EE3 /* InfoPlist.strings */; };
		92519D77183F7D3E00927EE3 /* HappinessTests.m in Sources */ = {isa = PBXBuildFile; fileRef = 92519D76183F7D3E00927EE3 /* HappinessTests.m */; };
		92519D82183F7E8900927EE3 /* FaceView.m in Sources */ = {isa = PBXBuildFile; fileRef = 92519D81183F7E8900927EE3 /* FaceView.m */; };
/* End PBXBuildFile section */

/* Begin PBXContainerItemProxy section */
		92519D6E183F7D3E00927EE3 /* PBXContainerItemProxy */ = {
			isa = PBXContainerItemProxy;
			containerPortal = 92519D40183F7D3D00927EE3 /* Project object */;
			proxyType = 1;
			remoteGlobalIDString = 92519D47183F7D3E00927EE3;
			remoteInfo = Happiness;
		};
/* End PBXContainerItemProxy section */

/* Begin PBXFileReference section */
		92519D48183F7D3E00927EE3 /* Happiness.app */ = {isa = PBXFileReference; explicitFileType = wrapper.application; includeInIndex = 0; path = Happiness.app; sourceTree = BUILT_PRODUCTS_DIR; };
		92519D4B183F7D3E00927EE3 /* Foundation.framework */ = {isa = PBXFileReference; lastKnownFileType = wrapper.framework; name = Foundation.framework; path = System/Library/Frameworks/Foundation.framework; sourceTree = SDKROOT; };
		92519D4D183F7D3E00927EE3 /* CoreGraphics.framework */ = {isa = PBXFileReference; lastKnownFileType = wrapper.framework; name = CoreGraphics.framework; path = System/Library/Frameworks/CoreGraphics.framework; sourceTree = SDKROOT; };
		92519D4F183F7D3E00927EE3 /* UIKit.framework */ = {isa = PBXFileReference; lastKnownFileType = wrapper.framework; name = UIKit.framework; path = System/Library/Frameworks/UIKit.framework; sourceTree = SDKROOT; };
		92519D53183F7D3E00927EE3 /* Happiness-Info.plist */ = {isa = PBXFileReference; lastKnownFileType = text.plist.xml; path = "Happiness-Info.plist"; sourceTree = "<group>"; };
		92519D55183F7D3E00927EE3 /* en */ = {isa = PBXFileReference; lastKnownFileType = text.plist.strings; name = en; path = en.lproj/InfoPlist.strings; sourceTree = "<group>"; };
		92519D57183F7D3E00927EE3 /* main.m */ = {isa = PBXFileReference; lastKnownFileType = sourcecode.c.objc; path = main.m; sourceTree = "<group>"; };
		92519D59183F7D3E00927EE3 /* Happiness-Prefix.pch */ = {isa = PBXFileReference; lastKnownFileType = sourcecode.c.h; path = "Happiness-Prefix.pch"; sourceTree = "<group>"; };
		92519D5A183F7D3E00927EE3 /* happinessAppDelegate.h */ = {isa = PBXFileReference; lastKnownFileType = sourcecode.c.h; path = happinessAppDelegate.h; sourceTree = "<group>"; };
		92519D5B183F7D3E00927EE3 /* happinessAppDelegate.m */ = {isa = PBXFileReference; lastKnownFileType = sourcecode.c.objc; path = happinessAppDelegate.m; sourceTree = "<group>"; };
		92519D5E183F7D3E00927EE3 /* Base */ = {isa = PBXFileReference; lastKnownFileType = file.storyboard; name = Base; path = Base.lproj/Main.storyboard; sourceTree = "<group>"; };
		92519D60183F7D3E00927EE3 /* happinessViewController.h */ = {isa = PBXFileReference; lastKnownFileType = sourcecode.c.h; path = happinessViewController.h; sourceTree = "<group>"; };
		92519D61183F7D3E00927EE3 /* happinessViewController.m */ = {isa = PBXFileReference; lastKnownFileType = sourcecode.c.objc; path = happinessViewController.m; sourceTree = "<group>"; };
		92519D63183F7D3E00927EE3 /* Images.xcassets */ = {isa = PBXFileReference; lastKnownFileType = folder.assetcatalog; path = Images.xcassets; sourceTree = "<group>"; };
		92519D69183F7D3E00927EE3 /* HappinessTests.xctest */ = {isa = PBXFileReference; explicitFileType = wrapper.cfbundle; includeInIndex = 0; path = HappinessTests.xctest; sourceTree = BUILT_PRODUCTS_DIR; };
		92519D6A183F7D3E00927EE3 /* XCTest.framework */ = {isa = PBXFileReference; lastKnownFileType = wrapper.framework; name = XCTest.framework; path = Library/Frameworks/XCTest.framework; sourceTree = DEVELOPER_DIR; };
		92519D72183F7D3E00927EE3 /* HappinessTests-Info.plist */ = {isa = PBXFileReference; lastKnownFileType = text.plist.xml; path = "HappinessTests-Info.plist"; sourceTree = "<group>"; };
		92519D74183F7D3E00927EE3 /* en */ = {isa = PBXFileReference; lastKnownFileType = text.plist.strings; name = en; path = en.lproj/InfoPlist.strings; sourceTree = "<group>"; };
		92519D76183F7D3E00927EE3 /* HappinessTests.m */ = {isa = PBXFileReference; lastKnownFileType = sourcecode.c.objc; path = HappinessTests.m; sourceTree = "<group>"; };
		92519D80183F7E8900927EE3 /* FaceView.h */ = {isa = PBXFileReference; fileEncoding = 4; lastKnownFileType = sourcecode.c.h; path = FaceView.h; sourceTree = "<group>"; };
		92519D81183F7E8900927EE3 /* FaceView.m */ = {isa = PBXFileReference; fileEncoding = 4; lastKnownFileType = sourcecode.c.objc; path = FaceView.m; sourceTree = "<group>"; };
/* End PBXFileReference section */

/* Begin PBXFrameworksBuildPhase section */
		92519D45183F7D3E00927EE3 /* Frameworks */ = {
			isa = PBXFrameworksBuildPhase;
			buildActionMask = 2147483647;
			files = (
				92519D4E183F7D3E00927EE3 /* CoreGraphics.framework in Frameworks */,
				92519D50183F7D3E00927EE3 /* UIKit.framework in Frameworks */,
				92519D4C183F7D3E00927EE3 /* Foundation.framework in Frameworks */,
			);
			runOnlyForDeploymentPostprocessing = 0;
		};
		92519D66183F7D3E00927EE3 /* Frameworks */ = {
			isa = PBXFrameworksBuildPhase;
			buildActionMask = 2147483647;
			files = (
				92519D6B183F7D3E00927EE3 /* XCTest.framework in Frameworks */,
				92519D6D183F7D3E00927EE3 /* UIKit.framework in Frameworks */,
				92519D6C183F7D3E00927EE3 /* Foundation.framework in Frameworks */,
			);
			runOnlyForDeploymentPostprocessing = 0;
		};
/* End PBXFrameworksBuildPhase section */

/* Begin PBXGroup section */
		92519D3F183F7D3D00927EE3 = {
			isa = PBXGroup;
			children = (
				92519D51183F7D3E00927EE3 /* Happiness */,
				92519D70183F7D3E00927EE3 /* HappinessTests */,
				92519D4A183F7D3E00927EE3 /* Frameworks */,
				92519D49183F7D3E00927EE3 /* Products */,
			);
			sourceTree = "<group>";
		};
		92519D49183F7D3E00927EE3 /* Products */ = {
			isa = PBXGroup;
			children = (
				92519D48183F7D3E00927EE3 /* Happiness.app */,
				92519D69183F7D3E00927EE3 /* HappinessTests.xctest */,
			);
			name = Products;
			sourceTree = "<group>";
		};
		92519D4A183F7D3E00927EE3 /* Frameworks */ = {
			isa = PBXGroup;
			children = (
				92519D4B183F7D3E00927EE3 /* Foundation.framework */,
				92519D4D183F7D3E00927EE3 /* CoreGraphics.framework */,
				92519D4F183F7D3E00927EE3 /* UIKit.framework */,
				92519D6A183F7D3E00927EE3 /* XCTest.framework */,
			);
			name = Frameworks;
			sourceTree = "<group>";
		};
		92519D51183F7D3E00927EE3 /* Happiness */ = {
			isa = PBXGroup;
			children = (
				92519D5A183F7D3E00927EE3 /* happinessAppDelegate.h */,
				92519D5B183F7D3E00927EE3 /* happinessAppDelegate.m */,
				92519D5D183F7D3E00927EE3 /* Main.storyboard */,
				92519D60183F7D3E00927EE3 /* happinessViewController.h */,
				92519D61183F7D3E00927EE3 /* happinessViewController.m */,
				92519D80183F7E8900927EE3 /* FaceView.h */,
				92519D81183F7E8900927EE3 /* FaceView.m */,
				92519D63183F7D3E00927EE3 /* Images.xcassets */,
				92519D52183F7D3E00927EE3 /* Supporting Files */,
			);
			path = Happiness;
			sourceTree = "<group>";
		};
		92519D52183F7D3E00927EE3 /* Supporting Files */ = {
			isa = PBXGroup;
			children = (
				92519D53183F7D3E00927EE3 /* Happiness-Info.plist */,
				92519D54183F7D3E00927EE3 /* InfoPlist.strings */,
				92519D57183F7D3E00927EE3 /* main.m */,
				92519D59183F7D3E00927EE3 /* Happiness-Prefix.pch */,
			);
			name = "Supporting Files";
			sourceTree = "<group>";
		};
		92519D70183F7D3E00927EE3 /* HappinessTests */ = {
			isa = PBXGroup;
			children = (
				92519D76183F7D3E00927EE3 /* HappinessTests.m */,
				92519D71183F7D3E00927EE3 /* Supporting Files */,
			);
			path = HappinessTests;
			sourceTree = "<group>";
		};
		92519D71183F7D3E00927EE3 /* Supporting Files */ = {
			isa = PBXGroup;
			children = (
				92519D72183F7D3E00927EE3 /* HappinessTests-Info.plist */,
				92519D73183F7D3E00927EE3 /* InfoPlist.strings */,
			);
			name = "Supporting Files";
			sourceTree = "<group>";
		};
/* End PBXGroup section */

/* Begin PBXNativeTarget section */
		92519D47183F7D3E00927EE3 /* Happiness */ = {
			isa = PBXNativeTarget;
			buildConfigurationList = 92519D7A183F7D3E00927EE3 /* Build configuration list for PBXNativeTarget "Happiness" */;
			buildPhases = (
				92519D44183F7D3E00927EE3 /* Sources */,
				92519D45183F7D3E00927EE3 /* Frameworks */,
				92519D46183F7D3E00927EE3 /* Resources */,
			);
			buildRules = (
			);
			dependencies = (
			);
			name = Happiness;
			productName = Happiness;
			productReference = 92519D48183F7D3E00927EE3 /* Happiness.app */;
			productType = "com.apple.product-type.application";
		};
		92519D68183F7D3E00927EE3 /* HappinessTests */ = {
			isa = PBXNativeTarget;
			buildConfigurationList = 92519D7D183F7D3E00927EE3 /* Build configuration list for PBXNativeTarget "HappinessTests" */;
			buildPhases = (
				92519D65183F7D3E00927EE3 /* Sources */,
				92519D66183F7D3E00927EE3 /* Frameworks */,
				92519D67183F7D3E00927EE3 /* Resources */,
			);
			buildRules = (
			);
			dependencies = (
				92519D6F183F7D3E00927EE3 /* PBXTargetDependency */,
			);
			name = HappinessTests;
			productName = HappinessTests;
			productReference = 92519D69183F7D3E00927EE3 /* HappinessTests.xctest */;
			productType = "com.apple.product-type.bundle.unit-test";
		};
/* End PBXNativeTarget section */

/* Begin PBXProject section */
		92519D40183F7D3D00927EE3 /* Project object */ = {
			isa = PBXProject;
			attributes = {
				CLASSPREFIX = happiness;
				LastUpgradeCheck = 0500;
				ORGANIZATIONNAME = "Chris Arquelada";
				TargetAttributes = {
					92519D68183F7D3E00927EE3 = {
						TestTargetID = 92519D47183F7D3E00927EE3;
					};
				};
			};
			buildConfigurationList = 92519D43183F7D3D00927EE3 /* Build configuration list for PBXProject "Happiness" */;
			compatibilityVersion = "Xcode 3.2";
			developmentRegion = English;
			hasScannedForEncodings = 0;
			knownRegions = (
				en,
				Base,
			);
			mainGroup = 92519D3F183F7D3D00927EE3;
			productRefGroup = 92519D49183F7D3E00927EE3 /* Products */;
			projectDirPath = "";
			projectRoot = "";
			targets = (
				92519D47183F7D3E00927EE3 /* Happiness */,
				92519D68183F7D3E00927EE3 /* HappinessTests */,
			);
		};
/* End PBXProject section */

/* Begin PBXResourcesBuildPhase section */
		92519D46183F7D3E00927EE3 /* Resources */ = {
			isa = PBXResourcesBuildPhase;
			buildActionMask = 2147483647;
			files = (
				92519D64183F7D3E00927EE3 /* Images.xcassets in Resources */,
				92519D56183F7D3E00927EE3 /* InfoPlist.strings in Resources */,
				92519D5F183F7D3E00927EE3 /* Main.storyboard in Resources */,
			);
			runOnlyForDeploymentPostprocessing = 0;
		};
		92519D67183F7D3E00927EE3 /* Resources */ = {
			isa = PBXResourcesBuildPhase;
			buildActionMask = 2147483647;
			files = (
				92519D75183F7D3E00927EE3 /* InfoPlist.strings in Resources */,
			);
			runOnlyForDeploymentPostprocessing = 0;
		};
/* End PBXResourcesBuildPhase section */

/* Begin PBXSourcesBuildPhase section */
		92519D44183F7D3E00927EE3 /* Sources */ = {
			isa = PBXSourcesBuildPhase;
			buildActionMask = 2147483647;
			files = (
				92519D5C183F7D3E00927EE3 /* happinessAppDelegate.m in Sources */,
				92519D62183F7D3E00927EE3 /* happinessViewController.m in Sources */,
				92519D58183F7D3E00927EE3 /* main.m in Sources */,
				92519D82183F7E8900927EE3 /* FaceView.m in Sources */,
			);
			runOnlyForDeploymentPostprocessing = 0;
		};
		92519D65183F7D3E00927EE3 /* Sources */ = {
			isa = PBXSourcesBuildPhase;
			buildActionMask = 2147483647;
			files = (
				92519D77183F7D3E00927EE3 /* HappinessTests.m in Sources */,
			);
			runOnlyForDeploymentPostprocessing = 0;
		};
/* End PBXSourcesBuildPhase section */

/* Begin PBXTargetDependency section */
		92519D6F183F7D3E00927EE3 /* PBXTargetDependency */ = {
			isa = PBXTargetDependency;
			target = 92519D47183F7D3E00927EE3 /* Happiness */;
			targetProxy = 92519D6E183F7D3E00927EE3 /* PBXContainerItemProxy */;
		};
/* End PBXTargetDependency section */

/* Begin PBXVariantGroup section */
		92519D54183F7D3E00927EE3 /* InfoPlist.strings */ = {
			isa = PBXVariantGroup;
			children = (
				92519D55183F7D3E00927EE3 /* en */,
			);
			name = InfoPlist.strings;
			sourceTree = "<group>";
		};
		92519D5D183F7D3E00927EE3 /* Main.storyboard */ = {
			isa = PBXVariantGroup;
			children = (
				92519D5E183F7D3E00927EE3 /* Base */,
			);
			name = Main.storyboard;
			sourceTree = "<group>";
		};
		92519D73183F7D3E00927EE3 /* InfoPlist.strings */ = {
			isa = PBXVariantGroup;
			children = (
				92519D74183F7D3E00927EE3 /* en */,
			);
			name = InfoPlist.strings;
			sourceTree = "<group>";
		};
/* End PBXVariantGroup section */

/* Begin XCBuildConfiguration section */
		92519D78183F7D3E00927EE3 /* Debug */ = {
			isa = XCBuildConfiguration;
			buildSettings = {
				ALWAYS_SEARCH_USER_PATHS = NO;
				ARCHS = "$(ARCHS_STANDARD_INCLUDING_64_BIT)";
				CLANG_CXX_LANGUAGE_STANDARD = "gnu++0x";
				CLANG_CXX_LIBRARY = "libc++";
				CLANG_ENABLE_MODULES = YES;
				CLANG_ENABLE_OBJC_ARC = YES;
				CLANG_WARN_BOOL_CONVERSION = YES;
				CLANG_WARN_CONSTANT_CONVERSION = YES;
				CLANG_WARN_DIRECT_OBJC_ISA_USAGE = YES_ERROR;
				CLANG_WARN_EMPTY_BODY = YES;
				CLANG_WARN_ENUM_CONVERSION = YES;
				CLANG_WARN_INT_CONVERSION = YES;
				CLANG_WARN_OBJC_ROOT_CLASS = YES_ERROR;
				CLANG_WARN__DUPLICATE_METHOD_MATCH = YES;
				"CODE_SIGN_IDENTITY[sdk=iphoneos*]" = "iPhone Developer";
				COPY_PHASE_STRIP = NO;
				GCC_C_LANGUAGE_STANDARD = gnu99;
				GCC_DYNAMIC_NO_PIC = NO;
				GCC_OPTIMIZATION_LEVEL = 0;
				GCC_PREPROCESSOR_DEFINITIONS = (
					"DEBUG=1",
					"$(inherited)",
				);
				GCC_SYMBOLS_PRIVATE_EXTERN = NO;
				GCC_WARN_64_TO_32_BIT_CONVERSION = YES;
				GCC_WARN_ABOUT_RETURN_TYPE = YES_ERROR;
				GCC_WARN_UNDECLARED_SELECTOR = YES;
				GCC_WARN_UNINITIALIZED_AUTOS = YES;
				GCC_WARN_UNUSED_FUNCTION = YES;
				GCC_WARN_UNUSED_VARIABLE = YES;
				IPHONEOS_DEPLOYMENT_TARGET = 7.0;
				ONLY_ACTIVE_ARCH = YES;
				SDKROOT = iphoneos;
			};
			name = Debug;
		};
		92519D79183F7D3E00927EE3 /* Release */ = {
			isa = XCBuildConfiguration;
			buildSettings = {
				ALWAYS_SEARCH_USER_PATHS = NO;
				ARCHS = "$(ARCHS_STANDARD_INCLUDING_64_BIT)";
				CLANG_CXX_LANGUAGE_STANDARD = "gnu++0x";
				CLANG_CXX_LIBRARY = "libc++";
				CLANG_ENABLE_MODULES = YES;
				CLANG_ENABLE_OBJC_ARC = YES;
				CLANG_WARN_BOOL_CONVERSION = YES;
				CLANG_WARN_CONSTANT_CONVERSION = YES;
				CLANG_WARN_DIRECT_OBJC_ISA_USAGE = YES_ERROR;
				CLANG_WARN_EMPTY_BODY = YES;
				CLANG_WARN_ENUM_CONVERSION = YES;
				CLANG_WARN_INT_CONVERSION = YES;
				CLANG_WARN_OBJC_ROOT_CLASS = YES_ERROR;
				CLANG_WARN__DUPLICATE_METHOD_MATCH = YES;
				"CODE_SIGN_IDENTITY[sdk=iphoneos*]" = "iPhone Developer";
				COPY_PHASE_STRIP = YES;
				ENABLE_NS_ASSERTIONS = NO;
				GCC_C_LANGUAGE_STANDARD = gnu99;
				GCC_WARN_64_TO_32_BIT_CONVERSION = YES;
				GCC_WARN_ABOUT_RETURN_TYPE = YES_ERROR;
				GCC_WARN_UNDECLARED_SELECTOR = YES;
				GCC_WARN_UNINITIALIZED_AUTOS = YES;
				GCC_WARN_UNUSED_FUNCTION = YES;
				GCC_WARN_UNUSED_VARIABLE = YES;
				IPHONEOS_DEPLOYMENT_TARGET = 7.0;
				SDKROOT = iphoneos;
				VALIDATE_PRODUCT = YES;
			};
			name = Release;
		};
		92519D7B183F7D3E00927EE3 /* Debug */ = {
			isa = XCBuildConfiguration;
			buildSettings = {
				ASSETCATALOG_COMPILER_APPICON_NAME = AppIcon;
				ASSETCATALOG_COMPILER_LAUNCHIMAGE_NAME = LaunchImage;
				GCC_PRECOMPILE_PREFIX_HEADER = YES;
				GCC_PREFIX_HEADER = "Happiness/Happiness-Prefix.pch";
				INFOPLIST_FILE = "Happiness/Happiness-Info.plist";
				PRODUCT_NAME = "$(TARGET_NAME)";
				WRAPPER_EXTENSION = app;
			};
			name = Debug;
		};
		92519D7C183F7D3E00927EE3 /* Release */ = {
			isa = XCBuildConfiguration;
			buildSettings = {
				ASSETCATALOG_COMPILER_APPICON_NAME = AppIcon;
				ASSETCATALOG_COMPILER_LAUNCHIMAGE_NAME = LaunchImage;
				GCC_PRECOMPILE_PREFIX_HEADER = YES;
				GCC_PREFIX_HEADER = "Happiness/Happiness-Prefix.pch";
				INFOPLIST_FILE = "Happiness/Happiness-Info.plist";
				PRODUCT_NAME = "$(TARGET_NAME)";
				WRAPPER_EXTENSION = app;
			};
			name = Release;
		};
		92519D7E183F7D3E00927EE3 /* Debug */ = {
			isa = XCBuildConfiguration;
			buildSettings = {
				ARCHS = "$(ARCHS_STANDARD_INCLUDING_64_BIT)";
				BUNDLE_LOADER = "$(BUILT_PRODUCTS_DIR)/Happiness.app/Happiness";
				FRAMEWORK_SEARCH_PATHS = (
					"$(SDKROOT)/Developer/Library/Frameworks",
					"$(inherited)",
					"$(DEVELOPER_FRAMEWORKS_DIR)",
				);
				GCC_PRECOMPILE_PREFIX_HEADER = YES;
				GCC_PREFIX_HEADER = "Happiness/Happiness-Prefix.pch";
				GCC_PREPROCESSOR_DEFINITIONS = (
					"DEBUG=1",
					"$(inherited)",
				);
				INFOPLIST_FILE = "HappinessTests/HappinessTests-Info.plist";
				PRODUCT_NAME = "$(TARGET_NAME)";
				TEST_HOST = "$(BUNDLE_LOADER)";
				WRAPPER_EXTENSION = xctest;
			};
			name = Debug;
		};
		92519D7F183F7D3E00927EE3 /* Release */ = {
			isa = XCBuildConfiguration;
			buildSettings = {
				ARCHS = "$(ARCHS_STANDARD_INCLUDING_64_BIT)";
				BUNDLE_LOADER = "$(BUILT_PRODUCTS_DIR)/Happiness.app/Happiness";
				FRAMEWORK_SEARCH_PATHS = (
					"$(SDKROOT)/Developer/Library/Frameworks",
					"$(inherited)",
					"$(DEVELOPER_FRAMEWORKS_DIR)",
				);
				GCC_PRECOMPILE_PREFIX_HEADER = YES;
				GCC_PREFIX_HEADER = "Happiness/Happiness-Prefix.pch";
				INFOPLIST_FILE = "HappinessTests/HappinessTests-Info.plist";
				PRODUCT_NAME = "$(TARGET_NAME)";
				TEST_HOST = "$(BUNDLE_LOADER)";
				WRAPPER_EXTENSION = xctest;
			};
			name = Release;
		};
/* End XCBuildConfiguration section */

/* Begin XCConfigurationList section */
		92519D43183F7D3D00927EE3 /* Build configuration list for PBXProject "Happiness" */ = {
			isa = XCConfigurationList;
			buildConfigurations = (
				92519D78183F7D3E00927EE3 /* Debug */,
				92519D79183F7D3E00927EE3 /* Release */,
			);
			defaultConfigurationIsVisible = 0;
			defaultConfigurationName = Release;
		};
		92519D7A183F7D3E00927EE3 /* Build configuration list for PBXNativeTarget "Happiness" */ = {
			isa = XCConfigurationList;
			buildConfigurations = (
				92519D7B183F7D3E00927EE3 /* Debug */,
				92519D7C183F7D3E00927EE3 /* Release */,
			);
			defaultConfigurationIsVisible = 0;
		};
		92519D7D183F7D3E00927EE3 /* Build configuration list for PBXNativeTarget "HappinessTests" */ = {
			isa = XCConfigurationList;
			buildConfigurations = (
				92519D7E183F7D3E00927EE3 /* Debug */,
				92519D7F183F7D3E00927EE3 /* Release */,
			);
			defaultConfigurationIsVisible = 0;
		};
/* End XCConfigurationList section */
	};
	rootObject = 92519D40183F7D3D00927EE3 /* Project object */;
}
